
Microsoft Visual Studio Solution File, Format Version 12.00
# Visual Studio Version 17
VisualStudioVersion = 17.5.33424.131
MinimumVisualStudioVersion = 10.0.40219.1
Project("{F184B08F-C81C-45F6-A57F-5ABD9991F28F}") = "VBWinformReadPDF", "VBWinformReadPDF\VBWinformReadPDF.vbproj", "{7F603DD0-6C2F-44C1-8AAD-D10541C1EBFA}"
EndProject
Global
	GlobalSection(SolutionConfigurationPlatforms) = preSolution
		Debug|Any CPU = Debug|Any CPU
		Release|Any CPU = Release|Any CPU
	EndGlobalSection
	GlobalSection(ProjectConfigurationPlatforms) = postSolution
		{7F603DD0-6C2F-44C1-8AAD-D10541C1EBFA}.Debug|Any CPU.ActiveCfg = Debug|Any CPU
		{7F603DD0-6C2F-44C1-8AAD-D10541C1EBFA}.Debug|Any CPU.Build.0 = Debug|Any CPU
		{7F603DD0-6C2F-44C1-8AAD-D10541C1EBFA}.Release|Any CPU.ActiveCfg = Release|Any CPU
		{7F603DD0-6C2F-44C1-8AAD-D10541C1EBFA}.Release|Any CPU.Build.0 = Release|Any CPU
	EndGlobalSection
	GlobalSection(SolutionProperties) = preSolution
		HideSolutionNode = FALSE
	EndGlobalSection
	GlobalSection(ExtensibilityGlobals) = postSolution
		SolutionGuid = {31FD06FC-C71B-4499-9AF3-4ECE356C2D3E}
	EndGlobalSection
EndGlobal
